{
  "name": "tableau",
  "version": "0.0.1",
  "lockfileVersion": 1,
  "requires": true,
  "dependencies": {
    "angular4-tableau-api": {
      "version": "0.0.2",
      "resolved": "https://registry.npmjs.org/angular4-tableau-api/-/angular4-tableau-api-0.0.2.tgz",
      "integrity": "sha512-Y+lN7qJ0LpIi82EpgbkAL4zIhh/CecRBlr52G53w2MPu4i8j7NYgGozQ3/XQLTz6bo1E4okH1fCLw3gSlRNNVA=="
    }
  }
}
